github.com/rabbitmq/amqp091-go v1.10.0 h1:STpn5XsHlHGcecLmMFCtg7mqq0RnD+zFr4uzukfVhBw=
github.com/rabbitmq/amqp091-go v1.10.0/go.mod h1:Hy4jKW5kQART1u+JkDTF9YYOQUHXqMuhrgxOEeS7G4o=
go.uber.org/goleak v1.3.0 h1:2K3zAYmnTNqV73imy9J1T3WC+gmCePx2hEGkimedGto=
go.uber.org/goleak v1.3.0/go.mod h1:CoHD4mav9JJNrW/WLlf7HGZPjdw8EucARQHekz1X6bE=
github.com/bradfitz/gomemcache v0.0.0-20250403215159-8d39553ac7cf h1:TqhNAT4zKbTdLa62d2HDBFdvgSbIGB3eJE8HqhgiL9I=
github.com/bradfitz/gomemcache v0.0.0-20250403215159-8d39553ac7cf/go.mod h1:r5xuitiExdLAJ09PR7vBVENGvp4ZuTBeWTGtxuX3K+c=
github.com/karlseguin/ccache/v3 v3.0.1 h1:0zX/Ov83j4seE1HPuoHk9vuic6MtzHAkpz/kKX7kbGE=
github.com/karlseguin/ccache/v3 v3.0.1/go.mod h1:2egXIuZJovT7zkChtHv0D7kv5i20eIpRN1HUgvClV8s=
